// !$*UTF8*$!
{
	archiveVersion = 1;
	classes = {
	};
	objectVersion = 46;
	objects = {

/* Begin PBXBuildFile section */
		306D71FA1EDA158C0007264C /* AppDelegate.swift in Sources */ = {isa = PBXBuildFile; fileRef = 306D71F91EDA158C0007264C /* AppDelegate.swift */; };
		306D71FF1EDA158C0007264C /* Main.storyboard in Resources */ = {isa = PBXBuildFile; fileRef = 306D71FD1EDA158C0007264C /* Main.storyboard */; };
		306D72011EDA158C0007264C /* Assets.xcassets in Resources */ = {isa = PBXBuildFile; fileRef = 306D72001EDA158C0007264C /* Assets.xcassets */; };
		306D72041EDA158C0007264C /* LaunchScreen.storyboard in Resources */ = {isa = PBXBuildFile; fileRef = 306D72021EDA158C0007264C /* LaunchScreen.storyboard */; };
		306D720F1EDA158C0007264C /* MetalSwiftTests.swift in Sources */ = {isa = PBXBuildFile; fileRef = 306D720E1EDA158C0007264C /* MetalSwiftTests.swift */; };
		306D721A1EDA158C0007264C /* MetalSwiftUITests.swift in Sources */ = {isa = PBXBuildFile; fileRef = 306D72191EDA158C0007264C /* MetalSwiftUITests.swift */; };
		306D72281EDA18170007264C /* Shader.metal in Sources */ = {isa = PBXBuildFile; fileRef = 306D72271EDA18170007264C /* Shader.metal */; };
		306D722B1EDA1B710007264C /* Node.swift in Sources */ = {isa = PBXBuildFile; fileRef = 306D72291EDA1B700007264C /* Node.swift */; };
		306D722C1EDA1B710007264C /* Vertex.swift in Sources */ = {isa = PBXBuildFile; fileRef = 306D722A1EDA1B700007264C /* Vertex.swift */; };
		306D72301EDA1B7B0007264C /* Matrix4.m in Sources */ = {isa = PBXBuildFile; fileRef = 306D722F1EDA1B7B0007264C /* Matrix4.m */; };
		306D72341EDA33980007264C /* Cube.swift in Sources */ = {isa = PBXBuildFile; fileRef = 306D72331EDA33980007264C /* Cube.swift */; };
		306D72361EDB36B50007264C /* BufferProvider.swift in Sources */ = {isa = PBXBuildFile; fileRef = 306D72351EDB36B50007264C /* BufferProvider.swift */; };
		306D72381EDB48430007264C /* MetalTexture.swift in Sources */ = {isa = PBXBuildFile; fileRef = 306D72371EDB48430007264C /* MetalTexture.swift */; };
		306D723A1EDB5C410007264C /* MetalViewController.swift in Sources */ = {isa = PBXBuildFile; fileRef = 306D72391EDB5C410007264C /* MetalViewController.swift */; };
		306D723C1EDB5C760007264C /* SceneViewController.swift in Sources */ = {isa = PBXBuildFile; fileRef = 306D723B1EDB5C760007264C /* SceneViewController.swift */; };
		306D723E1EDB63D80007264C /* cube.png in Resources */ = {isa = PBXBuildFile; fileRef = 306D723D1EDB63D80007264C /* cube.png */; };
		306D72401EDB84A00007264C /* Light.swift in Sources */ = {isa = PBXBuildFile; fileRef = 306D723F1EDB84A00007264C /* Light.swift */; };
/* End PBXBuildFile section */

/* Begin PBXContainerItemProxy section */
		306D720B1EDA158C0007264C /* PBXContainerItemProxy */ = {
			isa = PBXContainerItemProxy;
			containerPortal = 306D71EE1EDA158C0007264C /* Project object */;
			proxyType = 1;
			remoteGlobalIDString = 306D71F51EDA158C0007264C;
			remoteInfo = MetalSwift;
		};
		306D72161EDA158C0007264C /* PBXContainerItemProxy */ = {
			isa = PBXContainerItemProxy;
			containerPortal = 306D71EE1EDA158C0007264C /* Project object */;
			proxyType = 1;
			remoteGlobalIDString = 306D71F51EDA158C0007264C;
			remoteInfo = MetalSwift;
		};
/* End PBXContainerItemProxy section */

/* Begin PBXFileReference section */
		306D71F61EDA158C0007264C /* MetalSwift.app */ = {isa = PBXFileReference; explicitFileType = wrapper.application; includeInIndex = 0; path = MetalSwift.app; sourceTree = BUILT_PRODUCTS_DIR; };
		306D71F91EDA158C0007264C /* AppDelegate.swift */ = {isa = PBXFileReference; lastKnownFileType = sourcecode.swift; path = AppDelegate.swift; sourceTree = "<group>"; };
		306D71FE1EDA158C0007264C /* Base */ = {isa = PBXFileReference; lastKnownFileType = file.storyboard; name = Base; path = Base.lproj/Main.storyboard; sourceTree = "<group>"; };
		306D72001EDA158C0007264C /* Assets.xcassets */ = {isa = PBXFileReference; lastKnownFileType = folder.assetcatalog; path = Assets.xcassets; sourceTree = "<group>"; };
		306D72031EDA158C0007264C /* Base */ = {isa = PBXFileReference; lastKnownFileType = file.storyboard; name = Base; path = Base.lproj/LaunchScreen.storyboard; sourceTree = "<group>"; };
		306D72051EDA158C0007264C /* Info.plist */ = {isa = PBXFileReference; lastKnownFileType = text.plist.xml; path = Info.plist; sourceTree = "<group>"; };
		306D720A1EDA158C0007264C /* MetalSwiftTests.xctest */ = {isa = PBXFileReference; explicitFileType = wrapper.cfbundle; includeInIndex = 0; path = MetalSwiftTests.xctest; sourceTree = BUILT_PRODUCTS_DIR; };
		306D720E1EDA158C0007264C /* MetalSwiftTests.swift */ = {isa = PBXFileReference; lastKnownFileType = sourcecode.swift; path = MetalSwiftTests.swift; sourceTree = "<group>"; };
		306D72101EDA158C0007264C /* Info.plist */ = {isa = PBXFileReference; lastKnownFileType = text.plist.xml; path = Info.plist; sourceTree = "<group>"; };
		306D72151EDA158C0007264C /* MetalSwiftUITests.xctest */ = {isa = PBXFileReference; explicitFileType = wrapper.cfbundle; includeInIndex = 0; path = MetalSwiftUITests.xctest; sourceTree = BUILT_PRODUCTS_DIR; };
		306D72191EDA158C0007264C /* MetalSwiftUITests.swift */ = {isa = PBXFileReference; lastKnownFileType = sourcecode.swift; path = MetalSwiftUITests.swift; sourceTree = "<group>"; };
		306D721B1EDA158C0007264C /* Info.plist */ = {isa = PBXFileReference; lastKnownFileType = text.plist.xml; path = Info.plist; sourceTree = "<group>"; };
		306D72271EDA18170007264C /* Shader.metal */ = {isa = PBXFileReference; fileEncoding = 4; lastKnownFileType = sourcecode.metal; path = Shader.metal; sourceTree = "<group>"; };
		306D72291EDA1B700007264C /* Node.swift */ = {isa = PBXFileReference; fileEncoding = 4; lastKnownFileType = sourcecode.swift; path = Node.swift; sourceTree = "<group>"; };
		306D722A1EDA1B700007264C /* Vertex.swift */ = {isa = PBXFileReference; fileEncoding = 4; lastKnownFileType = sourcecode.swift; path = Vertex.swift; sourceTree = "<group>"; };
		306D722D1EDA1B7B0007264C /* MetalSwift-Bridging-Header.h */ = {isa = PBXFileReference; lastKnownFileType = sourcecode.c.h; path = "MetalSwift-Bridging-Header.h"; sourceTree = "<group>"; };
		306D722E1EDA1B7B0007264C /* Matrix4.h */ = {isa = PBXFileReference; fileEncoding = 4; lastKnownFileType = sourcecode.c.h; path = Matrix4.h; sourceTree = "<group>"; };
		306D722F1EDA1B7B0007264C /* Matrix4.m */ = {isa = PBXFileReference; fileEncoding = 4; lastKnownFileType = sourcecode.c.objc; path = Matrix4.m; sourceTree = "<group>"; };
		306D72331EDA33980007264C /* Cube.swift */ = {isa = PBXFileReference; fileEncoding = 4; lastKnownFileType = sourcecode.swift; path = Cube.swift; sourceTree = "<group>"; };
		306D72351EDB36B50007264C /* BufferProvider.swift */ = {isa = PBXFileReference; fileEncoding = 4; lastKnownFileType = sourcecode.swift; path = BufferProvider.swift; sourceTree = "<group>"; };
		306D72371EDB48430007264C /* MetalTexture.swift */ = {isa = PBXFileReference; fileEncoding = 4; lastKnownFileType = sourcecode.swift; path = MetalTexture.swift; sourceTree = "<group>"; };
		306D72391EDB5C410007264C /* MetalViewController.swift */ = {isa = PBXFileReference; fileEncoding = 4; lastKnownFileType = sourcecode.swift; path = MetalViewController.swift; sourceTree = "<group>"; };
		306D723B1EDB5C760007264C /* SceneViewController.swift */ = {isa = PBXFileReference; fileEncoding = 4; lastKnownFileType = sourcecode.swift; path = SceneViewController.swift; sourceTree = "<group>"; };
		306D723D1EDB63D80007264C /* cube.png */ = {isa = PBXFileReference; lastKnownFileType = image.png; path = cube.png; sourceTree = "<group>"; };
		306D723F1EDB84A00007264C /* Light.swift */ = {isa = PBXFileReference; fileEncoding = 4; lastKnownFileType = sourcecode.swift; name = Light.swift; path = ../Light.swift; sourceTree = "<group>"; };
/* End PBXFileReference section */

/* Begin PBXFrameworksBuildPhase section */
		306D71F31EDA158C0007264C /* Frameworks */ = {
			isa = PBXFrameworksBuildPhase;
			buildActionMask = 2147483647;
			files = (
			);
			runOnlyForDeploymentPostprocessing = 0;
		};
		306D72071EDA158C0007264C /* Frameworks */ = {
			isa = PBXFrameworksBuildPhase;
			buildActionMask = 2147483647;
			files = (
			);
			runOnlyForDeploymentPostprocessing = 0;
		};
		306D72121EDA158C0007264C /* Frameworks */ = {
			isa = PBXFrameworksBuildPhase;
			buildActionMask = 2147483647;
			files = (
			);
			runOnlyForDeploymentPostprocessing = 0;
		};
/* End PBXFrameworksBuildPhase section */

/* Begin PBXGroup section */
		306D71ED1EDA158C0007264C = {
			isa = PBXGroup;
			children = (
				306D71F81EDA158C0007264C /* MetalSwift */,
				306D720D1EDA158C0007264C /* MetalSwiftTests */,
				306D72181EDA158C0007264C /* MetalSwiftUITests */,
				306D71F71EDA158C0007264C /* Products */,
			);
			sourceTree = "<group>";
		};
		306D71F71EDA158C0007264C /* Products */ = {
			isa = PBXGroup;
			children = (
				306D71F61EDA158C0007264C /* MetalSwift.app */,
				306D720A1EDA158C0007264C /* MetalSwiftTests.xctest */,
				306D72151EDA158C0007264C /* MetalSwiftUITests.xctest */,
			);
			name = Products;
			sourceTree = "<group>";
		};
		306D71F81EDA158C0007264C /* MetalSwift */ = {
			isa = PBXGroup;
			children = (
				306D71F91EDA158C0007264C /* AppDelegate.swift */,
				306D72391EDB5C410007264C /* MetalViewController.swift */,
				306D723B1EDB5C760007264C /* SceneViewController.swift */,
				306D723F1EDB84A00007264C /* Light.swift */,
				306D72331EDA33980007264C /* Cube.swift */,
				306D72371EDB48430007264C /* MetalTexture.swift */,
				306D72271EDA18170007264C /* Shader.metal */,
				306D72291EDA1B700007264C /* Node.swift */,
				306D72351EDB36B50007264C /* BufferProvider.swift */,
				306D722A1EDA1B700007264C /* Vertex.swift */,
				306D722E1EDA1B7B0007264C /* Matrix4.h */,
				306D722F1EDA1B7B0007264C /* Matrix4.m */,
				306D71FD1EDA158C0007264C /* Main.storyboard */,
				306D723D1EDB63D80007264C /* cube.png */,
				306D72001EDA158C0007264C /* Assets.xcassets */,
				306D72021EDA158C0007264C /* LaunchScreen.storyboard */,
				306D72051EDA158C0007264C /* Info.plist */,
				306D722D1EDA1B7B0007264C /* MetalSwift-Bridging-Header.h */,
			);
			path = MetalSwift;
			sourceTree = "<group>";
		};
		306D720D1EDA158C0007264C /* MetalSwiftTests */ = {
			isa = PBXGroup;
			children = (
				306D720E1EDA158C0007264C /* MetalSwiftTests.swift */,
				306D72101EDA158C0007264C /* Info.plist */,
			);
			path = MetalSwiftTests;
			sourceTree = "<group>";
		};
		306D72181EDA158C0007264C /* MetalSwiftUITests */ = {
			isa = PBXGroup;
			children = (
				306D72191EDA158C0007264C /* MetalSwiftUITests.swift */,
				306D721B1EDA158C0007264C /* Info.plist */,
			);
			path = MetalSwiftUITests;
			sourceTree = "<group>";
		};
/* End PBXGroup section */

/* Begin PBXNativeTarget section */
		306D71F51EDA158C0007264C /* MetalSwift */ = {
			isa = PBXNativeTarget;
			buildConfigurationList = 306D721E1EDA158C0007264C /* Build configuration list for PBXNativeTarget "MetalSwift" */;
			buildPhases = (
				306D71F21EDA158C0007264C /* Sources */,
				306D71F31EDA158C0007264C /* Frameworks */,
				306D71F41EDA158C0007264C /* Resources */,
			);
			buildRules = (
			);
			dependencies = (
			);
			name = MetalSwift;
			productName = MetalSwift;
			productReference = 306D71F61EDA158C0007264C /* MetalSwift.app */;
			productType = "com.apple.product-type.application";
		};
		306D72091EDA158C0007264C /* MetalSwiftTests */ = {
			isa = PBXNativeTarget;
			buildConfigurationList = 306D72211EDA158C0007264C /* Build configuration list for PBXNativeTarget "MetalSwiftTests" */;
			buildPhases = (
				306D72061EDA158C0007264C /* Sources */,
				306D72071EDA158C0007264C /* Frameworks */,
				306D72081EDA158C0007264C /* Resources */,
			);
			buildRules = (
			);
			dependencies = (
				306D720C1EDA158C0007264C /* PBXTargetDependency */,
			);
			name = MetalSwiftTests;
			productName = MetalSwiftTests;
			productReference = 306D720A1EDA158C0007264C /* MetalSwiftTests.xctest */;
			productType = "com.apple.product-type.bundle.unit-test";
		};
		306D72141EDA158C0007264C /* MetalSwiftUITests */ = {
			isa = PBXNativeTarget;
			buildConfigurationList = 306D72241EDA158C0007264C /* Build configuration list for PBXNativeTarget "MetalSwiftUITests" */;
			buildPhases = (
				306D72111EDA158C0007264C /* Sources */,
				306D72121EDA158C0007264C /* Frameworks */,
				306D72131EDA158C0007264C /* Resources */,
			);
			buildRules = (
			);
			dependencies = (
				306D72171EDA158C0007264C /* PBXTargetDependency */,
			);
			name = MetalSwiftUITests;
			productName = MetalSwiftUITests;
			productReference = 306D72151EDA158C0007264C /* MetalSwiftUITests.xctest */;
			productType = "com.apple.product-type.bundle.ui-testing";
		};
/* End PBXNativeTarget section */

/* Begin PBXProject section */
		306D71EE1EDA158C0007264C /* Project object */ = {
			isa = PBXProject;
			attributes = {
				LastSwiftUpdateCheck = 0830;
				LastUpgradeCheck = 0830;
				ORGANIZATIONNAME = Danny;
				TargetAttributes = {
					306D71F51EDA158C0007264C = {
						CreatedOnToolsVersion = 8.3.1;
						DevelopmentTeam = TRVL3RB274;
						LastSwiftMigration = 0830;
						ProvisioningStyle = Automatic;
					};
					306D72091EDA158C0007264C = {
						CreatedOnToolsVersion = 8.3.1;
						ProvisioningStyle = Automatic;
						TestTargetID = 306D71F51EDA158C0007264C;
					};
					306D72141EDA158C0007264C = {
						CreatedOnToolsVersion = 8.3.1;
						ProvisioningStyle = Automatic;
						TestTargetID = 306D71F51EDA158C0007264C;
					};
				};
			};
			buildConfigurationList = 306D71F11EDA158C0007264C /* Build configuration list for PBXProject "MetalSwift" */;
			compatibilityVersion = "Xcode 3.2";
			developmentRegion = English;
			hasScannedForEncodings = 0;
			knownRegions = (
				en,
				Base,
			);
			mainGroup = 306D71ED1EDA158C0007264C;
			productRefGroup = 306D71F71EDA158C0007264C /* Products */;
			projectDirPath = "";
			projectRoot = "";
			targets = (
				306D71F51EDA158C0007264C /* MetalSwift */,
				306D72091EDA158C0007264C /* MetalSwiftTests */,
				306D72141EDA158C0007264C /* MetalSwiftUITests */,
			);
		};
/* End PBXProject section */

/* Begin PBXResourcesBuildPhase section */
		306D71F41EDA158C0007264C /* Resources */ = {
			isa = PBXResourcesBuildPhase;
			buildActionMask = 2147483647;
			files = (
				306D72041EDA158C0007264C /* LaunchScreen.storyboard in Resources */,
				306D72011EDA158C0007264C /* Assets.xcassets in Resources */,
				306D723E1EDB63D80007264C /* cube.png in Resources */,
				306D71FF1EDA158C0007264C /* Main.storyboard in Resources */,
			);
			runOnlyForDeploymentPostprocessing = 0;
		};
		306D72081EDA158C0007264C /* Resources */ = {
			isa = PBXResourcesBuildPhase;
			buildActionMask = 2147483647;
			files = (
			);
			runOnlyForDeploymentPostprocessing = 0;
		};
		306D72131EDA158C0007264C /* Resources */ = {
			isa = PBXResourcesBuildPhase;
			buildActionMask = 2147483647;
			files = (
			);
			runOnlyForDeploymentPostprocessing = 0;
		};
/* End PBXResourcesBuildPhase section */

/* Begin PBXSourcesBuildPhase section */
		306D71F21EDA158C0007264C /* Sources */ = {
			isa = PBXSourcesBuildPhase;
			buildActionMask = 2147483647;
			files = (
				306D72281EDA18170007264C /* Shader.metal in Sources */,
				306D72301EDA1B7B0007264C /* Matrix4.m in Sources */,
				306D72361EDB36B50007264C /* BufferProvider.swift in Sources */,
				306D72401EDB84A00007264C /* Light.swift in Sources */,
				306D71FA1EDA158C0007264C /* AppDelegate.swift in Sources */,
				306D72381EDB48430007264C /* MetalTexture.swift in Sources */,
				306D72341EDA33980007264C /* Cube.swift in Sources */,
				306D722C1EDA1B710007264C /* Vertex.swift in Sources */,
				306D723C1EDB5C760007264C /* SceneViewController.swift in Sources */,
				306D723A1EDB5C410007264C /* MetalViewController.swift in Sources */,
				306D722B1EDA1B710007264C /* Node.swift in Sources */,
			);
			runOnlyForDeploymentPostprocessing = 0;
		};
		306D72061EDA158C0007264C /* Sources */ = {
			isa = PBXSourcesBuildPhase;
			buildActionMask = 2147483647;
			files = (
				306D720F1EDA158C0007264C /* MetalSwiftTests.swift in Sources */,
			);
			runOnlyForDeploymentPostprocessing = 0;
		};
		306D72111EDA158C0007264C /* Sources */ = {
			isa = PBXSourcesBuildPhase;
			buildActionMask = 2147483647;
			files = (
				306D721A1EDA158C0007264C /* MetalSwiftUITests.swift in Sources */,
			);
			runOnlyForDeploymentPostprocessing = 0;
		};
/* End PBXSourcesBuildPhase section */

/* Begin PBXTargetDependency section */
		306D720C1EDA158C0007264C /* PBXTargetDependency */ = {
			isa = PBXTargetDependency;
			target = 306D71F51EDA158C0007264C /* MetalSwift */;
			targetProxy = 306D720B1EDA158C0007264C /* PBXContainerItemProxy */;
		};
		306D72171EDA158C0007264C /* PBXTargetDependency */ = {
			isa = PBXTargetDependency;
			target = 306D71F51EDA158C0007264C /* MetalSwift */;
			targetProxy = 306D72161EDA158C0007264C /* PBXContainerItemProxy */;
		};
/* End PBXTargetDependency section */

/* Begin PBXVariantGroup section */
		306D71FD1EDA158C0007264C /* Main.storyboard */ = {
			isa = PBXVariantGroup;
			children = (
				306D71FE1EDA158C0007264C /* Base */,
			);
			name = Main.storyboard;
			sourceTree = "<group>";
		};
		306D72021EDA158C0007264C /* LaunchScreen.storyboard */ = {
			isa = PBXVariantGroup;
			children = (
				306D72031EDA158C0007264C /* Base */,
			);
			name = LaunchScreen.storyboard;
			sourceTree = "<group>";
		};
/* End PBXVariantGroup section */

/* Begin XCBuildConfiguration section */
		306D721C1EDA158C0007264C /* Debug */ = {
			isa = XCBuildConfiguration;
			buildSettings = {
				ALWAYS_SEARCH_USER_PATHS = NO;
				CLANG_ANALYZER_NONNULL = YES;
				CLANG_ANALYZER_NUMBER_OBJECT_CONVERSION = YES_AGGRESSIVE;
				CLANG_CXX_LANGUAGE_STANDARD = "gnu++0x";
				CLANG_CXX_LIBRARY = "libc++";
				CLANG_ENABLE_MODULES = YES;
				CLANG_ENABLE_OBJC_ARC = YES;
				CLANG_WARN_BOOL_CONVERSION = YES;
				CLANG_WARN_CONSTANT_CONVERSION = YES;
				CLANG_WARN_DIRECT_OBJC_ISA_USAGE = YES_ERROR;
				CLANG_WARN_DOCUMENTATION_COMMENTS = YES;
				CLANG_WARN_EMPTY_BODY = YES;
				CLANG_WARN_ENUM_CONVERSION = YES;
				CLANG_WARN_INFINITE_RECURSION = YES;
				CLANG_WARN_INT_CONVERSION = YES;
				CLANG_WARN_OBJC_ROOT_CLASS = YES_ERROR;
				CLANG_WARN_SUSPICIOUS_MOVE = YES;
				CLANG_WARN_UNREACHABLE_CODE = YES;
				CLANG_WARN__DUPLICATE_METHOD_MATCH = YES;
				"CODE_SIGN_IDENTITY[sdk=iphoneos*]" = "iPhone Developer";
				COPY_PHASE_STRIP = NO;
				DEBUG_INFORMATION_FORMAT = dwarf;
				ENABLE_STRICT_OBJC_MSGSEND = YES;
				ENABLE_TESTABILITY = YES;
				GCC_C_LANGUAGE_STANDARD = gnu99;
				GCC_DYNAMIC_NO_PIC = NO;
				GCC_NO_COMMON_BLOCKS = YES;
				GCC_OPTIMIZATION_LEVEL = 0;
				GCC_PREPROCESSOR_DEFINITIONS = (
					"DEBUG=1",
					"$(inherited)",
				);
				GCC_WARN_64_TO_32_BIT_CONVERSION = YES;
				GCC_WARN_ABOUT_RETURN_TYPE = YES_ERROR;
				GCC_WARN_UNDECLARED_SELECTOR = YES;
				GCC_WARN_UNINITIALIZED_AUTOS = YES_AGGRESSIVE;
				GCC_WARN_UNUSED_FUNCTION = YES;
				GCC_WARN_UNUSED_VARIABLE = YES;
				IPHONEOS_DEPLOYMENT_TARGET = 10.3;
				MTL_ENABLE_DEBUG_INFO = YES;
				ONLY_ACTIVE_ARCH = YES;
				SDKROOT = iphoneos;
				SWIFT_ACTIVE_COMPILATION_CONDITIONS = DEBUG;
				SWIFT_OPTIMIZATION_LEVEL = "-Onone";
				TARGETED_DEVICE_FAMILY = "1,2";
			};
			name = Debug;
		};
		306D721D1EDA158C0007264C /* Release */ = {
			isa = XCBuildConfiguration;
			buildSettings = {
				ALWAYS_SEARCH_USER_PATHS = NO;
				CLANG_ANALYZER_NONNULL = YES;
				CLANG_ANALYZER_NUMBER_OBJECT_CONVERSION = YES_AGGRESSIVE;
				CLANG_CXX_LANGUAGE_STANDARD = "gnu++0x";
				CLANG_CXX_LIBRARY = "libc++";
				CLANG_ENABLE_MODULES = YES;
				CLANG_ENABLE_OBJC_ARC = YES;
				CLANG_WARN_BOOL_CONVERSION = YES;
				CLANG_WARN_CONSTANT_CONVERSION = YES;
				CLANG_WARN_DIRECT_OBJC_ISA_USAGE = YES_ERROR;
				CLANG_WARN_DOCUMENTATION_COMMENTS = YES;
				CLANG_WARN_EMPTY_BODY = YES;
				CLANG_WARN_ENUM_CONVERSION = YES;
				CLANG_WARN_INFINITE_RECURSION = YES;
				CLANG_WARN_INT_CONVERSION = YES;
				CLANG_WARN_OBJC_ROOT_CLASS = YES_ERROR;
				CLANG_WARN_SUSPICIOUS_MOVE = YES;
				CLANG_WARN_UNREACHABLE_CODE = YES;
				CLANG_WARN__DUPLICATE_METHOD_MATCH = YES;
				"CODE_SIGN_IDENTITY[sdk=iphoneos*]" = "iPhone Developer";
				COPY_PHASE_STRIP = NO;
				DEBUG_INFORMATION_FORMAT = "dwarf-with-dsym";
				ENABLE_NS_ASSERTIONS = NO;
				ENABLE_STRICT_OBJC_MSGSEND = YES;
				GCC_C_LANGUAGE_STANDARD = gnu99;
				GCC_NO_COMMON_BLOCKS = YES;
				GCC_WARN_64_TO_32_BIT_CONVERSION = YES;
				GCC_WARN_ABOUT_RETURN_TYPE = YES_ERROR;
				GCC_WARN_UNDECLARED_SELECTOR = YES;
				GCC_WARN_UNINITIALIZED_AUTOS = YES_AGGRESSIVE;
				GCC_WARN_UNUSED_FUNCTION = YES;
				GCC_WARN_UNUSED_VARIABLE = YES;
				IPHONEOS_DEPLOYMENT_TARGET = 10.3;
				MTL_ENABLE_DEBUG_INFO = NO;
				SDKROOT = iphoneos;
				SWIFT_OPTIMIZATION_LEVEL = "-Owholemodule";
				TARGETED_DEVICE_FAMILY = "1,2";
				VALIDATE_PRODUCT = YES;
			};
			name = Release;
		};
		306D721F1EDA158C0007264C /* Debug */ = {
			isa = XCBuildConfiguration;
			buildSettings = {
				ASSETCATALOG_COMPILER_APPICON_NAME = AppIcon;
				CLANG_ENABLE_MODULES = YES;
				DEVELOPMENT_TEAM = TRVL3RB274;
				INFOPLIST_FILE = MetalSwift/Info.plist;
				LD_RUNPATH_SEARCH_PATHS = "$(inherited) @executable_path/Frameworks";
				PRODUCT_BUNDLE_IDENTIFIER = danny.MetalSwift;
				PRODUCT_NAME = "$(TARGET_NAME)";
				SWIFT_OBJC_BRIDGING_HEADER = "MetalSwift/MetalSwift-Bridging-Header.h";
				SWIFT_OPTIMIZATION_LEVEL = "-Onone";
				SWIFT_VERSION = 3.0;
			};
			name = Debug;
		};
		306D72201EDA158C0007264C /* Release */ = {
			isa = XCBuildConfiguration;
			buildSettings = {
				ASSETCATALOG_COMPILER_APPICON_NAME = AppIcon;
				CLANG_ENABLE_MODULES = YES;
				DEVELOPMENT_TEAM = TRVL3RB274;
				INFOPLIST_FILE = MetalSwift/Info.plist;
				LD_RUNPATH_SEARCH_PATHS = "$(inherited) @executable_path/Frameworks";
				PRODUCT_BUNDLE_IDENTIFIER = danny.MetalSwift;
				PRODUCT_NAME = "$(TARGET_NAME)";
				SWIFT_OBJC_BRIDGING_HEADER = "MetalSwift/MetalSwift-Bridging-Header.h";
				SWIFT_VERSION = 3.0;
			};
			name = Release;
		};
		306D72221EDA158C0007264C /* Debug */ = {
			isa = XCBuildConfiguration;
			buildSettings = {
				ALWAYS_EMBED_SWIFT_STANDARD_LIBRARIES = YES;
				BUNDLE_LOADER = "$(TEST_HOST)";
				INFOPLIST_FILE = MetalSwiftTests/Info.plist;
				LD_RUNPATH_SEARCH_PATHS = "$(inherited) @executable_path/Frameworks @loader_path/Frameworks";
				PRODUCT_BUNDLE_IDENTIFIER = danny.MetalSwiftTests;
				PRODUCT_NAME = "$(TARGET_NAME)";
				SWIFT_VERSION = 3.0;
				TEST_HOST = "$(BUILT_PRODUCTS_DIR)/MetalSwift.app/MetalSwift";
			};
			name = Debug;
		};
		306D72231EDA158C0007264C /* Release */ = {
			isa = XCBuildConfiguration;
			buildSettings = {
				ALWAYS_EMBED_SWIFT_STANDARD_LIBRARIES = YES;
				BUNDLE_LOADER = "$(TEST_HOST)";
				INFOPLIST_FILE = MetalSwiftTests/Info.plist;
				LD_RUNPATH_SEARCH_PATHS = "$(inherited) @executable_path/Frameworks @loader_path/Frameworks";
				PRODUCT_BUNDLE_IDENTIFIER = danny.MetalSwiftTests;
				PRODUCT_NAME = "$(TARGET_NAME)";
				SWIFT_VERSION = 3.0;
				TEST_HOST = "$(BUILT_PRODUCTS_DIR)/MetalSwift.app/MetalSwift";
			};
			name = Release;
		};
		306D72251EDA158C0007264C /* Debug */ = {
			isa = XCBuildConfiguration;
			buildSettings = {
				ALWAYS_EMBED_SWIFT_STANDARD_LIBRARIES = YES;
				INFOPLIST_FILE = MetalSwiftUITests/Info.plist;
				LD_RUNPATH_SEARCH_PATHS = "$(inherited) @executable_path/Frameworks @loader_path/Frameworks";
				PRODUCT_BUNDLE_IDENTIFIER = danny.MetalSwiftUITests;
				PRODUCT_NAME = "$(TARGET_NAME)";
				SWIFT_VERSION = 3.0;
				TEST_TARGET_NAME = MetalSwift;
			};
			name = Debug;
		};
		306D72261EDA158C0007264C /* Release */ = {
			isa = XCBuildConfiguration;
			buildSettings = {
				ALWAYS_EMBED_SWIFT_STANDARD_LIBRARIES = YES;
				INFOPLIST_FILE = MetalSwiftUITests/Info.plist;
				LD_RUNPATH_SEARCH_PATHS = "$(inherited) @executable_path/Frameworks @loader_path/Frameworks";
				PRODUCT_BUNDLE_IDENTIFIER = danny.MetalSwiftUITests;
				PRODUCT_NAME = "$(TARGET_NAME)";
				SWIFT_VERSION = 3.0;
				TEST_TARGET_NAME = MetalSwift;
			};
			name = Release;
		};
/* End XCBuildConfiguration section */

/* Begin XCConfigurationList section */
		306D71F11EDA158C0007264C /* Build configuration list for PBXProject "MetalSwift" */ = {
			isa = XCConfigurationList;
			buildConfigurations = (
				306D721C1EDA158C0007264C /* Debug */,
				306D721D1EDA158C0007264C /* Release */,
			);
			defaultConfigurationIsVisible = 0;
			defaultConfigurationName = Release;
		};
		306D721E1EDA158C0007264C /* Build configuration list for PBXNativeTarget "MetalSwift" */ = {
			isa = XCConfigurationList;
			buildConfigurations = (
				306D721F1EDA158C0007264C /* Debug */,
				306D72201EDA158C0007264C /* Release */,
			);
			defaultConfigurationIsVisible = 0;
			defaultConfigurationName = Release;
		};
		306D72211EDA158C0007264C /* Build configuration list for PBXNativeTarget "MetalSwiftTests" */ = {
			isa = XCConfigurationList;
			buildConfigurations = (
				306D72221EDA158C0007264C /* Debug */,
				306D72231EDA158C0007264C /* Release */,
			);
			defaultConfigurationIsVisible = 0;
			defaultConfigurationName = Release;
		};
		306D72241EDA158C0007264C /* Build configuration list for PBXNativeTarget "MetalSwiftUITests" */ = {
			isa = XCConfigurationList;
			buildConfigurations = (
				306D72251EDA158C0007264C /* Debug */,
				306D72261EDA158C0007264C /* Release */,
			);
			defaultConfigurationIsVisible = 0;
			defaultConfigurationName = Release;
		};
/* End XCConfigurationList section */
	};
	rootObject = 306D71EE1EDA158C0007264C /* Project object */;
}
